
Microsoft Visual Studio Solution File, Format Version 12.00
Project("{FAE04EC0-301F-11D3-BF4B-00C04F79EFBC}") = "ImageHub.Domain", "src\ImageHub.Domain\ImageHub.Domain.csproj", "{354C4D31-9B1E-49EE-976E-713A3317CD26}"
EndProject
Project("{2150E333-8FDC-42A3-9474-1A3956D46DE8}") = "src", "src", "{CAF07B6B-A750-48F7-8043-A8698419BE2A}"
EndProject
Project("{2150E333-8FDC-42A3-9474-1A3956D46DE8}") = "tests", "tests", "{7FEB1010-B414-4824-8C4E-20C9CB125655}"
EndProject
Project("{FAE04EC0-301F-11D3-BF4B-00C04F79EFBC}") = "ImageHub.Application", "src\ImageHub.Application\ImageHub.Application.csproj", "{0903C20A-86CB-496D-9782-4F84B22E0B9E}"
EndProject
Project("{2150E333-8FDC-42A3-9474-1A3956D46DE8}") = "solution items", "solution items", "{8AC71631-DC42-46E7-A545-A7D191BF353E}"
	ProjectSection(SolutionItems) = preProject
		Directory.Build.props = Directory.Build.props
		.gitignore = .gitignore
		README.md = README.md
		.github\workflows\build-and-test.yml = .github\workflows\build-and-test.yml
		.github\workflows\deploy-to-aws.yml = .github\workflows\deploy-to-aws.yml
	EndProjectSection
EndProject
Project("{FAE04EC0-301F-11D3-BF4B-00C04F79EFBC}") = "ImageHub.Infrastructure", "src\ImageHub.Infrastructure\ImageHub.Infrastructure.csproj", "{7939DFC1-A94A-472D-8D40-91E82423B82C}"
EndProject
Project("{FAE04EC0-301F-11D3-BF4B-00C04F79EFBC}") = "ImageHub.Web.Api", "src\ImageHub.Web.Api\ImageHub.Web.Api.csproj", "{3D4F5F2B-57EE-4E21-9039-3BEA0795AE6D}"
EndProject
Project("{FAE04EC0-301F-11D3-BF4B-00C04F79EFBC}") = "ImageHub.Web.Api.Worker", "src\ImageHub.Web.Api.Worker\ImageHub.Web.Api.Worker.csproj", "{F972DFB5-483B-43FF-9615-59820E4A9F6A}"
EndProject
Project("{2150E333-8FDC-42A3-9474-1A3956D46DE8}") = "deploy", "deploy", "{E098ED32-59D9-4DB0-9FA7-5FCF31F8967E}"
	ProjectSection(SolutionItems) = preProject
		deploy\cloudFormation\cloudFormationBase.yml = deploy\cloudFormation\cloudFormationBase.yml
		deploy\cloudFormation\cloudFormationEb.yml = deploy\cloudFormation\cloudFormationEb.yml
	EndProjectSection
EndProject
Project("{FAE04EC0-301F-11D3-BF4B-00C04F79EFBC}") = "ImageHub.Application.Tests", "tests\ImageHub.Application.Tests\ImageHub.Application.Tests.csproj", "{9F84FD8D-DF55-42C4-89B7-916A1D7586DA}"
EndProject
Project("{FAE04EC0-301F-11D3-BF4B-00C04F79EFBC}") = "ImageHub.Tests.Shared", "tests\ImageHub.Tests.Shared\ImageHub.Tests.Shared.csproj", "{88D00889-766A-442F-9886-28CB1BADC4C8}"
EndProject
Project("{FAE04EC0-301F-11D3-BF4B-00C04F79EFBC}") = "ImageHub.Infrastructure.Tests", "tests\ImageHub.Infrastructure.Tests\ImageHub.Infrastructure.Tests.csproj", "{62C629F9-B56D-4208-A798-CB97DDDAF3A0}"
EndProject
Project("{FAE04EC0-301F-11D3-BF4B-00C04F79EFBC}") = "ImageHub.Web.Api.Worker.Tests", "tests\ImageHub.Web.Api.Worker.Tests\ImageHub.Web.Api.Worker.Tests.csproj", "{7F589AFC-F864-44A9-B5E2-5918CB17472A}"
EndProject
Project("{FAE04EC0-301F-11D3-BF4B-00C04F79EFBC}") = "ImageHub.Web.Api.Tests", "tests\ImageHub.Web.Api.Tests\ImageHub.Web.Api.Tests.csproj", "{C9130B45-CA9F-417E-8E68-A9AAAA336362}"
EndProject
Global
	GlobalSection(SolutionConfigurationPlatforms) = preSolution
		Debug|Any CPU = Debug|Any CPU
		Release|Any CPU = Release|Any CPU
	EndGlobalSection
	GlobalSection(ProjectConfigurationPlatforms) = postSolution
		{354C4D31-9B1E-49EE-976E-713A3317CD26}.Debug|Any CPU.ActiveCfg = Debug|Any CPU
		{354C4D31-9B1E-49EE-976E-713A3317CD26}.Debug|Any CPU.Build.0 = Debug|Any CPU
		{354C4D31-9B1E-49EE-976E-713A3317CD26}.Release|Any CPU.ActiveCfg = Release|Any CPU
		{354C4D31-9B1E-49EE-976E-713A3317CD26}.Release|Any CPU.Build.0 = Release|Any CPU
		{0903C20A-86CB-496D-9782-4F84B22E0B9E}.Debug|Any CPU.ActiveCfg = Debug|Any CPU
		{0903C20A-86CB-496D-9782-4F84B22E0B9E}.Debug|Any CPU.Build.0 = Debug|Any CPU
		{0903C20A-86CB-496D-9782-4F84B22E0B9E}.Release|Any CPU.ActiveCfg = Release|Any CPU
		{0903C20A-86CB-496D-9782-4F84B22E0B9E}.Release|Any CPU.Build.0 = Release|Any CPU
		{7939DFC1-A94A-472D-8D40-91E82423B82C}.Debug|Any CPU.ActiveCfg = Debug|Any CPU
		{7939DFC1-A94A-472D-8D40-91E82423B82C}.Debug|Any CPU.Build.0 = Debug|Any CPU
		{7939DFC1-A94A-472D-8D40-91E82423B82C}.Release|Any CPU.ActiveCfg = Release|Any CPU
		{7939DFC1-A94A-472D-8D40-91E82423B82C}.Release|Any CPU.Build.0 = Release|Any CPU
		{3D4F5F2B-57EE-4E21-9039-3BEA0795AE6D}.Debug|Any CPU.ActiveCfg = Debug|Any CPU
		{3D4F5F2B-57EE-4E21-9039-3BEA0795AE6D}.Debug|Any CPU.Build.0 = Debug|Any CPU
		{3D4F5F2B-57EE-4E21-9039-3BEA0795AE6D}.Release|Any CPU.ActiveCfg = Release|Any CPU
		{3D4F5F2B-57EE-4E21-9039-3BEA0795AE6D}.Release|Any CPU.Build.0 = Release|Any CPU
		{F972DFB5-483B-43FF-9615-59820E4A9F6A}.Debug|Any CPU.ActiveCfg = Debug|Any CPU
		{F972DFB5-483B-43FF-9615-59820E4A9F6A}.Debug|Any CPU.Build.0 = Debug|Any CPU
		{F972DFB5-483B-43FF-9615-59820E4A9F6A}.Release|Any CPU.ActiveCfg = Release|Any CPU
		{F972DFB5-483B-43FF-9615-59820E4A9F6A}.Release|Any CPU.Build.0 = Release|Any CPU
		{9F84FD8D-DF55-42C4-89B7-916A1D7586DA}.Debug|Any CPU.ActiveCfg = Debug|Any CPU
		{9F84FD8D-DF55-42C4-89B7-916A1D7586DA}.Debug|Any CPU.Build.0 = Debug|Any CPU
		{9F84FD8D-DF55-42C4-89B7-916A1D7586DA}.Release|Any CPU.ActiveCfg = Release|Any CPU
		{9F84FD8D-DF55-42C4-89B7-916A1D7586DA}.Release|Any CPU.Build.0 = Release|Any CPU
		{88D00889-766A-442F-9886-28CB1BADC4C8}.Debug|Any CPU.ActiveCfg = Debug|Any CPU
		{88D00889-766A-442F-9886-28CB1BADC4C8}.Debug|Any CPU.Build.0 = Debug|Any CPU
		{88D00889-766A-442F-9886-28CB1BADC4C8}.Release|Any CPU.ActiveCfg = Release|Any CPU
		{88D00889-766A-442F-9886-28CB1BADC4C8}.Release|Any CPU.Build.0 = Release|Any CPU
		{62C629F9-B56D-4208-A798-CB97DDDAF3A0}.Debug|Any CPU.ActiveCfg = Debug|Any CPU
		{62C629F9-B56D-4208-A798-CB97DDDAF3A0}.Debug|Any CPU.Build.0 = Debug|Any CPU
		{62C629F9-B56D-4208-A798-CB97DDDAF3A0}.Release|Any CPU.ActiveCfg = Release|Any CPU
		{62C629F9-B56D-4208-A798-CB97DDDAF3A0}.Release|Any CPU.Build.0 = Release|Any CPU
		{7F589AFC-F864-44A9-B5E2-5918CB17472A}.Debug|Any CPU.ActiveCfg = Debug|Any CPU
		{7F589AFC-F864-44A9-B5E2-5918CB17472A}.Debug|Any CPU.Build.0 = Debug|Any CPU
		{7F589AFC-F864-44A9-B5E2-5918CB17472A}.Release|Any CPU.ActiveCfg = Release|Any CPU
		{7F589AFC-F864-44A9-B5E2-5918CB17472A}.Release|Any CPU.Build.0 = Release|Any CPU
		{C9130B45-CA9F-417E-8E68-A9AAAA336362}.Debug|Any CPU.ActiveCfg = Debug|Any CPU
		{C9130B45-CA9F-417E-8E68-A9AAAA336362}.Debug|Any CPU.Build.0 = Debug|Any CPU
		{C9130B45-CA9F-417E-8E68-A9AAAA336362}.Release|Any CPU.ActiveCfg = Release|Any CPU
		{C9130B45-CA9F-417E-8E68-A9AAAA336362}.Release|Any CPU.Build.0 = Release|Any CPU
	EndGlobalSection
	GlobalSection(NestedProjects) = preSolution
		{354C4D31-9B1E-49EE-976E-713A3317CD26} = {CAF07B6B-A750-48F7-8043-A8698419BE2A}
		{0903C20A-86CB-496D-9782-4F84B22E0B9E} = {CAF07B6B-A750-48F7-8043-A8698419BE2A}
		{7939DFC1-A94A-472D-8D40-91E82423B82C} = {CAF07B6B-A750-48F7-8043-A8698419BE2A}
		{3D4F5F2B-57EE-4E21-9039-3BEA0795AE6D} = {CAF07B6B-A750-48F7-8043-A8698419BE2A}
		{F972DFB5-483B-43FF-9615-59820E4A9F6A} = {CAF07B6B-A750-48F7-8043-A8698419BE2A}
		{9F84FD8D-DF55-42C4-89B7-916A1D7586DA} = {7FEB1010-B414-4824-8C4E-20C9CB125655}
		{88D00889-766A-442F-9886-28CB1BADC4C8} = {7FEB1010-B414-4824-8C4E-20C9CB125655}
		{62C629F9-B56D-4208-A798-CB97DDDAF3A0} = {7FEB1010-B414-4824-8C4E-20C9CB125655}
		{7F589AFC-F864-44A9-B5E2-5918CB17472A} = {7FEB1010-B414-4824-8C4E-20C9CB125655}
		{C9130B45-CA9F-417E-8E68-A9AAAA336362} = {7FEB1010-B414-4824-8C4E-20C9CB125655}
	EndGlobalSection
EndGlobal
